
Microsoft Visual Studio Solution File, Format Version 12.00
# Visual Studio Version 17
VisualStudioVersion = 17.10.34916.146
MinimumVisualStudioVersion = 10.0.40219.1
Project("{F184B08F-C81C-45F6-A57F-5ABD9991F28F}") = "NotesPlus", "NotesPlus\NotesPlus.vbproj", "{536D3C75-5439-4147-82F3-2A2D6B56B270}"
EndProject
Global
	GlobalSection(SolutionConfigurationPlatforms) = preSolution
		Debug|Any CPU = Debug|Any CPU
		Release|Any CPU = Release|Any CPU
	EndGlobalSection
	GlobalSection(ProjectConfigurationPlatforms) = postSolution
		{536D3C75-5439-4147-82F3-2A2D6B56B270}.Debug|Any CPU.ActiveCfg = Debug|Any CPU
		{536D3C75-5439-4147-82F3-2A2D6B56B270}.Debug|Any CPU.Build.0 = Debug|Any CPU
		{536D3C75-5439-4147-82F3-2A2D6B56B270}.Release|Any CPU.ActiveCfg = Release|Any CPU
		{536D3C75-5439-4147-82F3-2A2D6B56B270}.Release|Any CPU.Build.0 = Release|Any CPU
	EndGlobalSection
	GlobalSection(SolutionProperties) = preSolution
		HideSolutionNode = FALSE
	EndGlobalSection
	GlobalSection(ExtensibilityGlobals) = postSolution
		SolutionGuid = {19852242-B2FC-4D21-9DB6-55E244A42489}
	EndGlobalSection
EndGlobal
